
Microsoft Visual Studio Solution File, Format Version 12.00
# Visual Studio 15
VisualStudioVersion = 15.0.28307.136
MinimumVisualStudioVersion = 10.0.40219.1
Project("{E24C65DC-7377-472B-9ABA-BC803B73C61A}") = "app", "app\", "{F5E49D2D-4555-4483-B4B6-A5736E5FF5EE}"
	ProjectSection(WebsiteProperties) = preProject
		TargetFrameworkMoniker = ".NETFramework,Version%3Dv4.6"
		Debug.AspNetCompiler.VirtualPath = "/localhost_40670"
		Debug.AspNetCompiler.PhysicalPath = "app\"
		Debug.AspNetCompiler.TargetPath = "PrecompiledWeb\localhost_40670\"
		Debug.AspNetCompiler.Updateable = "true"
		Debug.AspNetCompiler.ForceOverwrite = "true"
		Debug.AspNetCompiler.FixedNames = "false"
		Debug.AspNetCompiler.Debug = "True"
		Release.AspNetCompiler.VirtualPath = "/localhost_40670"
		Release.AspNetCompiler.PhysicalPath = "app\"
		Release.AspNetCompiler.TargetPath = "PrecompiledWeb\localhost_40670\"
		Release.AspNetCompiler.Updateable = "true"
		Release.AspNetCompiler.ForceOverwrite = "true"
		Release.AspNetCompiler.FixedNames = "false"
		Release.AspNetCompiler.Debug = "False"
		VWDPort = "40670"
		SlnRelativePath = "app\"
	EndProjectSection
EndProject
Project("{2150E333-8FDC-42A3-9474-1A3956D46DE8}") = "Code On Time Items", "Code On Time Items", "{981029A9-E5EF-43EC-B50E-E6DEB886EF55}"
	ProjectSection(SolutionItems) = preProject
		ClientLibrary.en-US.txt = ClientLibrary.en-US.txt
		ClientLibrary.es-MX.txt = ClientLibrary.es-MX.txt
		DataAquarium.Project.xml = DataAquarium.Project.xml
		DataAquarium.Version.xml = DataAquarium.Version.xml
		Sync.BWD03-LuisAlberto.xml = Sync.BWD03-LuisAlberto.xml
		Sync.BWD04-Giovanna.xml = Sync.BWD04-Giovanna.xml
		Sync.BWD07-Erika-Luna.xml = Sync.BWD07-Erika-Luna.xml
		Sync.DESKTOP-E855I77-Everardo.xml = Sync.DESKTOP-E855I77-Everardo.xml
		Sync.DESKTOP-F84MGT6-luisc.xml = Sync.DESKTOP-F84MGT6-luisc.xml
		Sync.DESKTOP-RHBPIV0-mayra-venegas.xml = Sync.DESKTOP-RHBPIV0-mayra-venegas.xml
		Sync.BWDPC-GHPA-Azsat.xml = Sync.BWDPC-GHPA-Azsat.xml
	EndProjectSection
EndProject
Global
	GlobalSection(SolutionConfigurationPlatforms) = preSolution
		Debug|Any CPU = Debug|Any CPU
	EndGlobalSection
	GlobalSection(ProjectConfigurationPlatforms) = postSolution
		{F5E49D2D-4555-4483-B4B6-A5736E5FF5EE}.Debug|Any CPU.ActiveCfg = Debug|Any CPU
		{F5E49D2D-4555-4483-B4B6-A5736E5FF5EE}.Debug|Any CPU.Build.0 = Debug|Any CPU
	EndGlobalSection
	GlobalSection(SolutionProperties) = preSolution
		HideSolutionNode = FALSE
	EndGlobalSection
	GlobalSection(ExtensibilityGlobals) = postSolution
		SolutionGuid = {9E1C0E52-4358-48A2-9264-88595F4290A4}
	EndGlobalSection
EndGlobal
