Microsoft Visual Studio Solution File, Format Version 12.00
# Visual Studio 2013
VisualStudioVersion = 12.0.40629.0
MinimumVisualStudioVersion = 10.0.40219.1
Project("{E24C65DC-7377-472B-9ABA-BC803B73C61A}") = "app", "http://localhost:53241", "{48B47D4D-D46E-44D5-95C8-A8C0E85D828D}"
	ProjectSection(WebsiteProperties) = preProject
		UseIISExpress = "true"
		TargetFrameworkMoniker = ".NETFramework,Version%3Dv4.6"
		Debug.AspNetCompiler.VirtualPath = "/localhost_53241"
		Debug.AspNetCompiler.PhysicalPath = "app\"
		Debug.AspNetCompiler.TargetPath = "PrecompiledWeb\localhost_53241\"
		Debug.AspNetCompiler.Updateable = "true"
		Debug.AspNetCompiler.ForceOverwrite = "true"
		Debug.AspNetCompiler.FixedNames = "false"
		Debug.AspNetCompiler.Debug = "True"
		Release.AspNetCompiler.VirtualPath = "/localhost_53241"
		Release.AspNetCompiler.PhysicalPath = "app\"
		Release.AspNetCompiler.TargetPath = "PrecompiledWeb\localhost_53241\"
		Release.AspNetCompiler.Updateable = "true"
		Release.AspNetCompiler.ForceOverwrite = "true"
		Release.AspNetCompiler.FixedNames = "false"
		Release.AspNetCompiler.Debug = "False"
		SlnRelativePath = "app\"
	EndProjectSection
EndProject
Project("{2150E333-8FDC-42A3-9474-1A3956D46DE8}") = "Code On Time Items", "Code On Time Items", "{03835DEF-9F86-46E9-B459-369C4A20753D}"
	ProjectSection(SolutionItems) = preProject
		ClientLibrary.en-US.txt = ClientLibrary.en-US.txt
		ClientLibrary.es-MX.txt = ClientLibrary.es-MX.txt
		DataAquarium.Project.xml = DataAquarium.Project.xml
		DataAquarium.Version.xml = DataAquarium.Version.xml
		Sync.BWD03-LuisAlberto.xml = Sync.BWD03-LuisAlberto.xml
		Sync.BWD04-Giovanna.xml = Sync.BWD04-Giovanna.xml
		Sync.DESKTOP-E855I77-Everardo.xml = Sync.DESKTOP-E855I77-Everardo.xml
		Sync.DESKTOP-F84MGT6-luisc.xml = Sync.DESKTOP-F84MGT6-luisc.xml
		Sync.DESKTOP-RHBPIV0-mayra-venegas.xml = Sync.DESKTOP-RHBPIV0-mayra-venegas.xml
		Sync.BWD07-Erika-Luna.xml = Sync.BWD07-Erika-Luna.xml
		Sync.BWDPC-GHPA-Azsat.xml = Sync.BWDPC-GHPA-Azsat.xml
		Sync.LAPTOP-SPDO7LKS-LENOVO.xml = Sync.LAPTOP-SPDO7LKS-LENOVO.xml
	EndProjectSection
EndProject
Global
	GlobalSection(SolutionConfigurationPlatforms) = preSolution
		Debug|Any CPU = Debug|Any CPU
	EndGlobalSection
	GlobalSection(ProjectConfigurationPlatforms) = postSolution
		{48B47D4D-D46E-44D5-95C8-A8C0E85D828D}.Debug|Any CPU.ActiveCfg = Debug|Any CPU
		{48B47D4D-D46E-44D5-95C8-A8C0E85D828D}.Debug|Any CPU.Build.0 = Debug|Any CPU
	EndGlobalSection
	GlobalSection(SolutionProperties) = preSolution
		HideSolutionNode = FALSE
	EndGlobalSection
EndGlobal
